
Microsoft Visual Studio Solution File, Format Version 12.00
# Visual Studio VersiotudioVersion = 17.0.31903.59
MinimumVisualStudioVersion = 10.0.40219.1
Project("{9A19103F-16F7-4668-BE54-9A1E7A4F7556}") = "Platform.Engineering.Copilot.Core", "src\Platform.Engineering.Copilot.Core\Platform.Engineering.Copilot.Core.csproj", "{A1B2C3D4-E5F6-7890-1234-567890ABCDEF}"
EndProject
Project("{9A19103F-16F7-4668-BE54-9A1E7A4F7556}") = "Platform.Engineering.Copilot.Tests.Unit", "tests\Platform.Engineering.Copilot.Tests.Unit\Platform.Engineering.Copilot.Tests.Unit.csproj", "{D0282332-8862-A629-BCB0-9ECD6E49CAE9}"
EndProject
Project("{9A19103F-16F7-4668-BE54-9A1E7A4F7556}") = "Platform.Engineering.Copilot.Tests.Integration", "tests\Platform.Engineering.Copilot.Tests.Integration\Platform.Engineering.Copilot.Tests.Integration.csproj", "{151E47DC-796A-19A9-8CEA-69860CB81DE3}"
EndProject
Project("{2150E333-8FDC-42A3-9474-1A3956D46DE8}") = "src", "src", "{827E0CD3-B72D-47B6-A68D-7590B98EB39B}"
EndProject
Project("{FAE04EC0-301F-11D3-BF4B-00C04F79EFBC}") = "Platform.Engineering.Copilot.Data", "src\Platform.Engineering.Copilot.Data\Platform.Engineering.Copilot.Data.csproj", "{74A91BC9-6929-440F-95BB-8FED07B60BD7}"
EndProject
Project("{9A19103F-16F7-4668-BE54-9A1E7A4F7556}") = "Platform.Engineering.Copilot.API", "src\Platform.Engineering.Copilot.API\Platform.Engineering.Copilot.API.csproj", "{C5F9E3B6-A8D2-4F1A-9E6B-2F3E4A5B6C7D}"
EndProject
Project("{9A19103F-16F7-4668-BE54-9A1E7A4F7556}") = "Platform.Engineering.Copilot.Chat", "src\Platform.Engineering.Copilot.Chat\Platform.Engineering.Copilot.Chat.csproj", "{D6FA1F9B-B2D3-4F2B-AF7C-3F4E5A6B7C8D}"
EndProject
Project("{FAE04EC0-301F-11D3-BF4B-00C04F79EFBC}") = "Platform.Engineering.Copilot.Admin.Client", "src\Platform.Engineering.Copilot.Admin.Client\Platform.Engineering.Copilot.Admin.Client.csproj", "{BC4D79FA-6733-449A-B5B0-AC4E00B43271}"
EndProject
Project("{FAE04EC0-301F-11D3-BF4B-00C04F79EFBC}") = "Platform.Engineering.Copilot.Admin.API", "src\Platform.Engineering.Copilot.Admin.API\Platform.Engineering.Copilot.Admin.API.csproj", "{02D6C253-199D-4A08-96FE-53D3D0F2D8CC}"
EndProject
Project("{FAE04EC0-301F-11D3-BF4B-00C04F79EFBC}") = "Platform.Engineering.Copilot.Mcp", "src\Platform.Engineering.Copilot.Mcp\Platform.Engineering.Copilot.Mcp.csproj", "{3EDD5EF1-40FE-4992-B532-428F288CB0CD}"
EndProject
Global
	GlobalSection(SolutionConfigurationPlatforms) = preSolution
		Debug|Any CPU = Debug|Any CPU
		Debug|x64 = Debug|x64
		Debug|x86 = Debug|x86
		Release|Any CPU = Release|Any CPU
		Release|x64 = Release|x64
		Release|x86 = Release|x86
	EndGlobalSection
	GlobalSection(ProjectConfigurationPlatforms) = postSolution
		{A1B2C3D4-E5F6-7890-1234-567890ABCDEF}.Debug|Any CPU.ActiveCfg = Debug|Any CPU
		{A1B2C3D4-E5F6-7890-1234-567890ABCDEF}.Debug|Any CPU.Build.0 = Debug|Any CPU
		{A1B2C3D4-E5F6-7890-1234-567890ABCDEF}.Debug|x64.ActiveCfg = Debug|Any CPU
		{A1B2C3D4-E5F6-7890-1234-567890ABCDEF}.Debug|x64.Build.0 = Debug|Any CPU
		{A1B2C3D4-E5F6-7890-1234-567890ABCDEF}.Debug|x86.ActiveCfg = Debug|Any CPU
		{A1B2C3D4-E5F6-7890-1234-567890ABCDEF}.Debug|x86.Build.0 = Debug|Any CPU
		{A1B2C3D4-E5F6-7890-1234-567890ABCDEF}.Release|Any CPU.ActiveCfg = Release|Any CPU
		{A1B2C3D4-E5F6-7890-1234-567890ABCDEF}.Release|Any CPU.Build.0 = Release|Any CPU
		{A1B2C3D4-E5F6-7890-1234-567890ABCDEF}.Release|x64.ActiveCfg = Release|Any CPU
		{A1B2C3D4-E5F6-7890-1234-567890ABCDEF}.Release|x64.Build.0 = Release|Any CPU
		{A1B2C3D4-E5F6-7890-1234-567890ABCDEF}.Release|x86.ActiveCfg = Release|Any CPU
		{A1B2C3D4-E5F6-7890-1234-567890ABCDEF}.Release|x86.Build.0 = Release|Any CPU
		{D0282332-8862-A629-BCB0-9ECD6E49CAE9}.Debug|Any CPU.ActiveCfg = Debug|Any CPU
		{D0282332-8862-A629-BCB0-9ECD6E49CAE9}.Debug|Any CPU.Build.0 = Debug|Any CPU
		{D0282332-8862-A629-BCB0-9ECD6E49CAE9}.Debug|x64.ActiveCfg = Debug|Any CPU
		{D0282332-8862-A629-BCB0-9ECD6E49CAE9}.Debug|x64.Build.0 = Debug|Any CPU
		{D0282332-8862-A629-BCB0-9ECD6E49CAE9}.Debug|x86.ActiveCfg = Debug|Any CPU
		{D0282332-8862-A629-BCB0-9ECD6E49CAE9}.Debug|x86.Build.0 = Debug|Any CPU
		{D0282332-8862-A629-BCB0-9ECD6E49CAE9}.Release|Any CPU.ActiveCfg = Release|Any CPU
		{D0282332-8862-A629-BCB0-9ECD6E49CAE9}.Release|Any CPU.Build.0 = Release|Any CPU
		{D0282332-8862-A629-BCB0-9ECD6E49CAE9}.Release|x64.ActiveCfg = Release|Any CPU
		{D0282332-8862-A629-BCB0-9ECD6E49CAE9}.Release|x64.Build.0 = Release|Any CPU
		{D0282332-8862-A629-BCB0-9ECD6E49CAE9}.Release|x86.ActiveCfg = Release|Any CPU
		{D0282332-8862-A629-BCB0-9ECD6E49CAE9}.Release|x86.Build.0 = Release|Any CPU
		{151E47DC-796A-19A9-8CEA-69860CB81DE3}.Debug|Any CPU.ActiveCfg = Debug|Any CPU
		{151E47DC-796A-19A9-8CEA-69860CB81DE3}.Debug|Any CPU.Build.0 = Debug|Any CPU
		{151E47DC-796A-19A9-8CEA-69860CB81DE3}.Debug|x64.ActiveCfg = Debug|Any CPU
		{151E47DC-796A-19A9-8CEA-69860CB81DE3}.Debug|x64.Build.0 = Debug|Any CPU
		{151E47DC-796A-19A9-8CEA-69860CB81DE3}.Debug|x86.ActiveCfg = Debug|Any CPU
		{151E47DC-796A-19A9-8CEA-69860CB81DE3}.Debug|x86.Build.0 = Debug|Any CPU
		{151E47DC-796A-19A9-8CEA-69860CB81DE3}.Release|Any CPU.ActiveCfg = Release|Any CPU
		{151E47DC-796A-19A9-8CEA-69860CB81DE3}.Release|Any CPU.Build.0 = Release|Any CPU
		{151E47DC-796A-19A9-8CEA-69860CB81DE3}.Release|x64.ActiveCfg = Release|Any CPU
		{151E47DC-796A-19A9-8CEA-69860CB81DE3}.Release|x64.Build.0 = Release|Any CPU
		{151E47DC-796A-19A9-8CEA-69860CB81DE3}.Release|x86.ActiveCfg = Release|Any CPU
		{151E47DC-796A-19A9-8CEA-69860CB81DE3}.Release|x86.Build.0 = Release|Any CPU
		{74A91BC9-6929-440F-95BB-8FED07B60BD7}.Debug|Any CPU.ActiveCfg = Debug|Any CPU
		{74A91BC9-6929-440F-95BB-8FED07B60BD7}.Debug|Any CPU.Build.0 = Debug|Any CPU
		{74A91BC9-6929-440F-95BB-8FED07B60BD7}.Debug|x64.ActiveCfg = Debug|Any CPU
		{74A91BC9-6929-440F-95BB-8FED07B60BD7}.Debug|x64.Build.0 = Debug|Any CPU
		{74A91BC9-6929-440F-95BB-8FED07B60BD7}.Debug|x86.ActiveCfg = Debug|Any CPU
		{74A91BC9-6929-440F-95BB-8FED07B60BD7}.Debug|x86.Build.0 = Debug|Any CPU
		{74A91BC9-6929-440F-95BB-8FED07B60BD7}.Release|Any CPU.ActiveCfg = Release|Any CPU
		{74A91BC9-6929-440F-95BB-8FED07B60BD7}.Release|Any CPU.Build.0 = Release|Any CPU
		{74A91BC9-6929-440F-95BB-8FED07B60BD7}.Release|x64.ActiveCfg = Release|Any CPU
		{74A91BC9-6929-440F-95BB-8FED07B60BD7}.Release|x64.Build.0 = Release|Any CPU
		{74A91BC9-6929-440F-95BB-8FED07B60BD7}.Release|x86.ActiveCfg = Release|Any CPU
		{74A91BC9-6929-440F-95BB-8FED07B60BD7}.Release|x86.Build.0 = Release|Any CPU
		{C5F9E3B6-A8D2-4F1A-9E6B-2F3E4A5B6C7D}.Debug|Any CPU.ActiveCfg = Debug|Any CPU
		{C5F9E3B6-A8D2-4F1A-9E6B-2F3E4A5B6C7D}.Debug|Any CPU.Build.0 = Debug|Any CPU
		{C5F9E3B6-A8D2-4F1A-9E6B-2F3E4A5B6C7D}.Debug|x64.ActiveCfg = Debug|Any CPU
		{C5F9E3B6-A8D2-4F1A-9E6B-2F3E4A5B6C7D}.Debug|x64.Build.0 = Debug|Any CPU
		{C5F9E3B6-A8D2-4F1A-9E6B-2F3E4A5B6C7D}.Debug|x86.ActiveCfg = Debug|Any CPU
		{C5F9E3B6-A8D2-4F1A-9E6B-2F3E4A5B6C7D}.Debug|x86.Build.0 = Debug|Any CPU
		{C5F9E3B6-A8D2-4F1A-9E6B-2F3E4A5B6C7D}.Release|Any CPU.ActiveCfg = Release|Any CPU
		{C5F9E3B6-A8D2-4F1A-9E6B-2F3E4A5B6C7D}.Release|Any CPU.Build.0 = Release|Any CPU
		{C5F9E3B6-A8D2-4F1A-9E6B-2F3E4A5B6C7D}.Release|x64.ActiveCfg = Release|Any CPU
		{C5F9E3B6-A8D2-4F1A-9E6B-2F3E4A5B6C7D}.Release|x64.Build.0 = Release|Any CPU
		{C5F9E3B6-A8D2-4F1A-9E6B-2F3E4A5B6C7D}.Release|x86.ActiveCfg = Release|Any CPU
		{C5F9E3B6-A8D2-4F1A-9E6B-2F3E4A5B6C7D}.Release|x86.Build.0 = Release|Any CPU
		{D6FA1F9B-B2D3-4F2B-AF7C-3F4E5A6B7C8D}.Debug|Any CPU.ActiveCfg = Debug|Any CPU
		{D6FA1F9B-B2D3-4F2B-AF7C-3F4E5A6B7C8D}.Debug|Any CPU.Build.0 = Debug|Any CPU
		{D6FA1F9B-B2D3-4F2B-AF7C-3F4E5A6B7C8D}.Debug|x64.ActiveCfg = Debug|Any CPU
		{D6FA1F9B-B2D3-4F2B-AF7C-3F4E5A6B7C8D}.Debug|x64.Build.0 = Debug|Any CPU
		{D6FA1F9B-B2D3-4F2B-AF7C-3F4E5A6B7C8D}.Debug|x86.ActiveCfg = Debug|Any CPU
		{D6FA1F9B-B2D3-4F2B-AF7C-3F4E5A6B7C8D}.Debug|x86.Build.0 = Debug|Any CPU
		{D6FA1F9B-B2D3-4F2B-AF7C-3F4E5A6B7C8D}.Release|Any CPU.ActiveCfg = Release|Any CPU
		{D6FA1F9B-B2D3-4F2B-AF7C-3F4E5A6B7C8D}.Release|Any CPU.Build.0 = Release|Any CPU
		{D6FA1F9B-B2D3-4F2B-AF7C-3F4E5A6B7C8D}.Release|x64.ActiveCfg = Release|Any CPU
		{D6FA1F9B-B2D3-4F2B-AF7C-3F4E5A6B7C8D}.Release|x64.Build.0 = Release|Any CPU
		{D6FA1F9B-B2D3-4F2B-AF7C-3F4E5A6B7C8D}.Release|x86.ActiveCfg = Release|Any CPU
		{D6FA1F9B-B2D3-4F2B-AF7C-3F4E5A6B7C8D}.Release|x86.Build.0 = Release|Any CPU
		{BC4D79FA-6733-449A-B5B0-AC4E00B43271}.Debug|Any CPU.ActiveCfg = Debug|Any CPU
		{BC4D79FA-6733-449A-B5B0-AC4E00B43271}.Debug|Any CPU.Build.0 = Debug|Any CPU
		{BC4D79FA-6733-449A-B5B0-AC4E00B43271}.Debug|x64.ActiveCfg = Debug|Any CPU
		{BC4D79FA-6733-449A-B5B0-AC4E00B43271}.Debug|x64.Build.0 = Debug|Any CPU
		{BC4D79FA-6733-449A-B5B0-AC4E00B43271}.Debug|x86.ActiveCfg = Debug|Any CPU
		{BC4D79FA-6733-449A-B5B0-AC4E00B43271}.Debug|x86.Build.0 = Debug|Any CPU
		{BC4D79FA-6733-449A-B5B0-AC4E00B43271}.Release|Any CPU.ActiveCfg = Release|Any CPU
		{BC4D79FA-6733-449A-B5B0-AC4E00B43271}.Release|Any CPU.Build.0 = Release|Any CPU
		{BC4D79FA-6733-449A-B5B0-AC4E00B43271}.Release|x64.ActiveCfg = Release|Any CPU
		{BC4D79FA-6733-449A-B5B0-AC4E00B43271}.Release|x64.Build.0 = Release|Any CPU
		{BC4D79FA-6733-449A-B5B0-AC4E00B43271}.Release|x86.ActiveCfg = Release|Any CPU
		{BC4D79FA-6733-449A-B5B0-AC4E00B43271}.Release|x86.Build.0 = Release|Any CPU
		{02D6C253-199D-4A08-96FE-53D3D0F2D8CC}.Debug|Any CPU.ActiveCfg = Debug|Any CPU
		{02D6C253-199D-4A08-96FE-53D3D0F2D8CC}.Debug|Any CPU.Build.0 = Debug|Any CPU
		{02D6C253-199D-4A08-96FE-53D3D0F2D8CC}.Debug|x64.ActiveCfg = Debug|Any CPU
		{02D6C253-199D-4A08-96FE-53D3D0F2D8CC}.Debug|x64.Build.0 = Debug|Any CPU
		{02D6C253-199D-4A08-96FE-53D3D0F2D8CC}.Debug|x86.ActiveCfg = Debug|Any CPU
		{02D6C253-199D-4A08-96FE-53D3D0F2D8CC}.Debug|x86.Build.0 = Debug|Any CPU
		{02D6C253-199D-4A08-96FE-53D3D0F2D8CC}.Release|Any CPU.ActiveCfg = Release|Any CPU
		{02D6C253-199D-4A08-96FE-53D3D0F2D8CC}.Release|Any CPU.Build.0 = Release|Any CPU
		{02D6C253-199D-4A08-96FE-53D3D0F2D8CC}.Release|x64.ActiveCfg = Release|Any CPU
		{02D6C253-199D-4A08-96FE-53D3D0F2D8CC}.Release|x64.Build.0 = Release|Any CPU
		{02D6C253-199D-4A08-96FE-53D3D0F2D8CC}.Release|x86.ActiveCfg = Release|Any CPU
		{02D6C253-199D-4A08-96FE-53D3D0F2D8CC}.Release|x86.Build.0 = Release|Any CPU
		{3EDD5EF1-40FE-4992-B532-428F288CB0CD}.Debug|Any CPU.ActiveCfg = Debug|Any CPU
		{3EDD5EF1-40FE-4992-B532-428F288CB0CD}.Debug|Any CPU.Build.0 = Debug|Any CPU
		{3EDD5EF1-40FE-4992-B532-428F288CB0CD}.Debug|x64.ActiveCfg = Debug|Any CPU
		{3EDD5EF1-40FE-4992-B532-428F288CB0CD}.Debug|x64.Build.0 = Debug|Any CPU
		{3EDD5EF1-40FE-4992-B532-428F288CB0CD}.Debug|x86.ActiveCfg = Debug|Any CPU
		{3EDD5EF1-40FE-4992-B532-428F288CB0CD}.Debug|x86.Build.0 = Debug|Any CPU
		{3EDD5EF1-40FE-4992-B532-428F288CB0CD}.Release|Any CPU.ActiveCfg = Release|Any CPU
		{3EDD5EF1-40FE-4992-B532-428F288CB0CD}.Release|Any CPU.Build.0 = Release|Any CPU
		{3EDD5EF1-40FE-4992-B532-428F288CB0CD}.Release|x64.ActiveCfg = Release|Any CPU
		{3EDD5EF1-40FE-4992-B532-428F288CB0CD}.Release|x64.Build.0 = Release|Any CPU
		{3EDD5EF1-40FE-4992-B532-428F288CB0CD}.Release|x86.ActiveCfg = Release|Any CPU
		{3EDD5EF1-40FE-4992-B532-428F288CB0CD}.Release|x86.Build.0 = Release|Any CPU
	EndGlobalSection
	GlobalSection(SolutionProperties) = preSolution
		HideSolutionNode = FALSE
	EndGlobalSection
	GlobalSection(NestedProjects) = preSolution
		{74A91BC9-6929-440F-95BB-8FED07B60BD7} = {827E0CD3-B72D-47B6-A68D-7590B98EB39B}
		{C5F9E3B6-A8D2-4F1A-9E6B-2F3E4A5B6C7D} = {827E0CD3-B72D-47B6-A68D-7590B98EB39B}
		{D6FA1F9B-B2D3-4F2B-AF7C-3F4E5A6B7C8D} = {827E0CD3-B72D-47B6-A68D-7590B98EB39B}
		{BC4D79FA-6733-449A-B5B0-AC4E00B43271} = {827E0CD3-B72D-47B6-A68D-7590B98EB39B}
		{02D6C253-199D-4A08-96FE-53D3D0F2D8CC} = {827E0CD3-B72D-47B6-A68D-7590B98EB39B}
		{3EDD5EF1-40FE-4992-B532-428F288CB0CD} = {827E0CD3-B72D-47B6-A68D-7590B98EB39B}
	EndGlobalSection
EndGlobal
